
Microsoft Visual Studio Solution File, Format Version 12.00
# Visual Studio Version 17
VisualStudioVersion = 17.0.31903.59
MinimumVisualStudioVersion = 10.0.40219.1
Project("{FAE04EC0-301F-11D3-BF4B-00C04F79EFBC}") = "DocumentManagement.API", "DocumentManagement.API\DocumentManagement.API.csproj", "{19E4E11D-681E-47EF-9098-23E404FDE657}"
EndProject
Project("{FAE04EC0-301F-11D3-BF4B-00C04F79EFBC}") = "DocumentManagement.Application", "DocumentManagement.Application\DocumentManagement.Application.csproj", "{02E8F45A-51B2-4F6B-8110-A2F60F7E7C9A}"
EndProject
Project("{FAE04EC0-301F-11D3-BF4B-00C04F79EFBC}") = "DocumentManagement.Domain", "DocumentManagement.Domain\DocumentManagement.Domain.csproj", "{65A81787-0F0C-41F2-B780-AF863713BEA3}"
EndProject
Project("{FAE04EC0-301F-11D3-BF4B-00C04F79EFBC}") = "DocumentManagement.Infrastructure", "DocumentManagement.Infrastructure\DocumentManagement.Infrastructure.csproj", "{0DDF859F-F994-45CB-885F-2CBC6F211E0F}"
EndProject
Project("{FAE04EC0-301F-11D3-BF4B-00C04F79EFBC}") = "DocumentManagement.Tests", "DocumentManagement.Tests\DocumentManagement.Tests.csproj", "{595075ED-7324-4F11-BB05-9C1297C0699A}"
EndProject
Global
	GlobalSection(SolutionConfigurationPlatforms) = preSolution
		Debug|Any CPU = Debug|Any CPU
		Release|Any CPU = Release|Any CPU
	EndGlobalSection
	GlobalSection(SolutionProperties) = preSolution
		HideSolutionNode = FALSE
	EndGlobalSection
	GlobalSection(ProjectConfigurationPlatforms) = postSolution
		{19E4E11D-681E-47EF-9098-23E404FDE657}.Debug|Any CPU.ActiveCfg = Debug|Any CPU
		{19E4E11D-681E-47EF-9098-23E404FDE657}.Debug|Any CPU.Build.0 = Debug|Any CPU
		{19E4E11D-681E-47EF-9098-23E404FDE657}.Release|Any CPU.ActiveCfg = Release|Any CPU
		{19E4E11D-681E-47EF-9098-23E404FDE657}.Release|Any CPU.Build.0 = Release|Any CPU
		{02E8F45A-51B2-4F6B-8110-A2F60F7E7C9A}.Debug|Any CPU.ActiveCfg = Debug|Any CPU
		{02E8F45A-51B2-4F6B-8110-A2F60F7E7C9A}.Debug|Any CPU.Build.0 = Debug|Any CPU
		{02E8F45A-51B2-4F6B-8110-A2F60F7E7C9A}.Release|Any CPU.ActiveCfg = Release|Any CPU
		{02E8F45A-51B2-4F6B-8110-A2F60F7E7C9A}.Release|Any CPU.Build.0 = Release|Any CPU
		{65A81787-0F0C-41F2-B780-AF863713BEA3}.Debug|Any CPU.ActiveCfg = Debug|Any CPU
		{65A81787-0F0C-41F2-B780-AF863713BEA3}.Debug|Any CPU.Build.0 = Debug|Any CPU
		{65A81787-0F0C-41F2-B780-AF863713BEA3}.Release|Any CPU.ActiveCfg = Release|Any CPU
		{65A81787-0F0C-41F2-B780-AF863713BEA3}.Release|Any CPU.Build.0 = Release|Any CPU
		{0DDF859F-F994-45CB-885F-2CBC6F211E0F}.Debug|Any CPU.ActiveCfg = Debug|Any CPU
		{0DDF859F-F994-45CB-885F-2CBC6F211E0F}.Debug|Any CPU.Build.0 = Debug|Any CPU
		{0DDF859F-F994-45CB-885F-2CBC6F211E0F}.Release|Any CPU.ActiveCfg = Release|Any CPU
		{0DDF859F-F994-45CB-885F-2CBC6F211E0F}.Release|Any CPU.Build.0 = Release|Any CPU
		{595075ED-7324-4F11-BB05-9C1297C0699A}.Debug|Any CPU.ActiveCfg = Debug|Any CPU
		{595075ED-7324-4F11-BB05-9C1297C0699A}.Debug|Any CPU.Build.0 = Debug|Any CPU
		{595075ED-7324-4F11-BB05-9C1297C0699A}.Release|Any CPU.ActiveCfg = Release|Any CPU
		{595075ED-7324-4F11-BB05-9C1297C0699A}.Release|Any CPU.Build.0 = Release|Any CPU
	EndGlobalSection
EndGlobal
